SITE
  remote: http://community.opscode.com/api/v1
  specs:
    apt (2.0.0)
    build-essential (1.4.0)
    logrotate (1.2.2)
    memcached (1.4.0)
      runit (~> 1.0)
      yum (>= 0.0.0)
    mysql (3.0.2)
      build-essential (> 1.1.0)
      openssl (>= 0.0.0)
    nodejs (1.1.2)
      apt (>= 0.0.0)
      build-essential (>= 0.0.0)
    ohai (1.1.10)
    openssl (1.0.2)
    runit (1.1.6)
      build-essential (>= 0.0.0)
      yum (>= 0.0.0)
    sudo (2.1.2)
    yum (2.3.0)

GIT
  remote: https://github.com/arrowcircle/chef-nginx
  ref: master
  sha: 0e566c22aa123b70c04c0bd8bf8234b9e271024f
  specs:
    nginx (1.7.1)
      apt (>= 0.0.0)
      build-essential (>= 0.0.0)
      ohai (>= 1.1.4)

GIT
  remote: https://github.com/arrowcircle/chef-rails-stack
  ref: master
  sha: 0d25eede7f4cb9a8031238cfa464d2af9896af6f
  specs:
    rails-stack (0.1.0)
      apt (>= 0.0.0)
      logrotate (>= 0.0.0)
      memcached (>= 0.0.0)
      mysql (>= 0.0.0)
      nginx (>= 0.0.0)
      nodejs (>= 0.0.0)
      postgresql (>= 0.0.0)
      rbenv (>= 0.0.0)
      sudo (>= 0.0.0)

GIT
  remote: https://github.com/arrowcircle/chef-rbenv
  ref: master
  sha: e42a34b9b8c9e7360fc8c672ce4d16883975ad94
  specs:
    rbenv (0.1.0)

GIT
  remote: https://github.com/arrowcircle/chef-users
  ref: master
  sha: 66decb669a05a70c798fc943b85dde396e345e00
  specs:
    users (0.1.0)
      sudo (>= 0.0.0)

GIT
  remote: https://github.com/ctrabold/chef-redis
  ref: master
  sha: e3a89f34d0f5b81867ae9e07a9404ac89e1ff61c
  specs:
    redis (0.0.4)

GIT
  remote: https://github.com/phlipper/chef-postgresql
  ref: master
  sha: ff499fcff50c1113f74cc32352ebfbede93a06cc
  specs:
    postgresql (0.10.1)
      apt (>= 0.0.0)

DEPENDENCIES
  apt (>= 0)
  logrotate (>= 0)
  memcached (>= 0)
  mysql (>= 0)
  nginx (>= 0)
  nodejs (>= 0)
  ohai (>= 0)
  openssl (>= 0)
  postgresql (>= 0)
  rails-stack (>= 0)
  rbenv (>= 0)
  redis (>= 0)
  sudo (>= 0)
  users (>= 0)

